// !$*UTF8*$!
{
	archiveVersion = 1;
	classes = {
	};
	objectVersion = 50;
	objects = {

/* Begin PBXBuildFile section */
		E25C0B5E213F5F7E00B50659 /* Game.swift in Sources */ = {isa = PBXBuildFile; fileRef = E25C0B5D213F5F7E00B50659 /* Game.swift */; };
		E2C62B79213F4E2500F7F161 /* AppDelegate.swift in Sources */ = {isa = PBXBuildFile; fileRef = E2C62B78213F4E2500F7F161 /* AppDelegate.swift */; };
		E2C62B7B213F4E2500F7F161 /* ViewController.swift in Sources */ = {isa = PBXBuildFile; fileRef = E2C62B7A213F4E2500F7F161 /* ViewController.swift */; };
		E2C62B7E213F4E2500F7F161 /* Main.storyboard in Resources */ = {isa = PBXBuildFile; fileRef = E2C62B7C213F4E2500F7F161 /* Main.storyboard */; };
		E2C62B80213F4E2600F7F161 /* Assets.xcassets in Resources */ = {isa = PBXBuildFile; fileRef = E2C62B7F213F4E2600F7F161 /* Assets.xcassets */; };
		E2C62B83213F4E2600F7F161 /* LaunchScreen.storyboard in Resources */ = {isa = PBXBuildFile; fileRef = E2C62B81213F4E2600F7F161 /* LaunchScreen.storyboard */; };
/* End PBXBuildFile section */

/* Begin PBXFileReference section */
		E25C0B5D213F5F7E00B50659 /* Game.swift */ = {isa = PBXFileReference; lastKnownFileType = sourcecode.swift; path = Game.swift; sourceTree = "<group>"; };
		E2C62B75213F4E2500F7F161 /* What's the Image.app */ = {isa = PBXFileReference; explicitFileType = wrapper.application; includeInIndex = 0; path = "What's the Image.app"; sourceTree = BUILT_PRODUCTS_DIR; };
		E2C62B78213F4E2500F7F161 /* AppDelegate.swift */ = {isa = PBXFileReference; lastKnownFileType = sourcecode.swift; path = AppDelegate.swift; sourceTree = "<group>"; };
		E2C62B7A213F4E2500F7F161 /* ViewController.swift */ = {isa = PBXFileReference; lastKnownFileType = sourcecode.swift; path = ViewController.swift; sourceTree = "<group>"; };
		E2C62B7D213F4E2500F7F161 /* Base */ = {isa = PBXFileReference; lastKnownFileType = file.storyboard; name = Base; path = Base.lproj/Main.storyboard; sourceTree = "<group>"; };
		E2C62B7F213F4E2600F7F161 /* Assets.xcassets */ = {isa = PBXFileReference; lastKnownFileType = folder.assetcatalog; path = Assets.xcassets; sourceTree = "<group>"; };
		E2C62B82213F4E2600F7F161 /* Base */ = {isa = PBXFileReference; lastKnownFileType = file.storyboard; name = Base; path = Base.lproj/LaunchScreen.storyboard; sourceTree = "<group>"; };
		E2C62B84213F4E2600F7F161 /* Info.plist */ = {isa = PBXFileReference; lastKnownFileType = text.plist.xml; path = Info.plist; sourceTree = "<group>"; };
/* End PBXFileReference section */

/* Begin PBXFrameworksBuildPhase section */
		E2C62B72213F4E2500F7F161 /* Frameworks */ = {
			isa = PBXFrameworksBuildPhase;
			buildActionMask = 2147483647;
			files = (
			);
			runOnlyForDeploymentPostprocessing = 0;
		};
/* End PBXFrameworksBuildPhase section */

/* Begin PBXGroup section */
		E2C62B6C213F4E2400F7F161 = {
			isa = PBXGroup;
			children = (
				E2C62B77213F4E2500F7F161 /* What's the Image */,
				E2C62B76213F4E2500F7F161 /* Products */,
			);
			sourceTree = "<group>";
		};
		E2C62B76213F4E2500F7F161 /* Products */ = {
			isa = PBXGroup;
			children = (
				E2C62B75213F4E2500F7F161 /* What's the Image.app */,
			);
			name = Products;
			sourceTree = "<group>";
		};
		E2C62B77213F4E2500F7F161 /* What's the Image */ = {
			isa = PBXGroup;
			children = (
				E2C62B78213F4E2500F7F161 /* AppDelegate.swift */,
				E2C62B7A213F4E2500F7F161 /* ViewController.swift */,
				E25C0B5D213F5F7E00B50659 /* Game.swift */,
				E2C62B7C213F4E2500F7F161 /* Main.storyboard */,
				E2C62B7F213F4E2600F7F161 /* Assets.xcassets */,
				E2C62B81213F4E2600F7F161 /* LaunchScreen.storyboard */,
				E2C62B84213F4E2600F7F161 /* Info.plist */,
			);
			path = "What's the Image";
			sourceTree = "<group>";
		};
/* End PBXGroup section */

/* Begin PBXNativeTarget section */
		E2C62B74213F4E2500F7F161 /* What's the Image */ = {
			isa = PBXNativeTarget;
			buildConfigurationList = E2C62B87213F4E2600F7F161 /* Build configuration list for PBXNativeTarget "What's the Image" */;
			buildPhases = (
				E2C62B71213F4E2500F7F161 /* Sources */,
				E2C62B72213F4E2500F7F161 /* Frameworks */,
				E2C62B73213F4E2500F7F161 /* Resources */,
			);
			buildRules = (
			);
			dependencies = (
			);
			name = "What's the Image";
			productName = "What's the Image";
			productReference = E2C62B75213F4E2500F7F161 /* What's the Image.app */;
			productType = "com.apple.product-type.application";
		};
/* End PBXNativeTarget section */

/* Begin PBXProject section */
		E2C62B6D213F4E2400F7F161 /* Project object */ = {
			isa = PBXProject;
			attributes = {
				LastSwiftUpdateCheck = 0940;
				LastUpgradeCheck = 0940;
				ORGANIZATIONNAME = "Calvin Cantin";
				TargetAttributes = {
					E2C62B74213F4E2500F7F161 = {
						CreatedOnToolsVersion = 9.4.1;
					};
				};
			};
			buildConfigurationList = E2C62B70213F4E2400F7F161 /* Build configuration list for PBXProject "What's the Image" */;
			compatibilityVersion = "Xcode 9.3";
			developmentRegion = en;
			hasScannedForEncodings = 0;
			knownRegions = (
				en,
				Base,
			);
			mainGroup = E2C62B6C213F4E2400F7F161;
			productRefGroup = E2C62B76213F4E2500F7F161 /* Products */;
			projectDirPath = "";
			projectRoot = "";
			targets = (
				E2C62B74213F4E2500F7F161 /* What's the Image */,
			);
		};
/* End PBXProject section */

/* Begin PBXResourcesBuildPhase section */
		E2C62B73213F4E2500F7F161 /* Resources */ = {
			isa = PBXResourcesBuildPhase;
			buildActionMask = 2147483647;
			files = (
				E2C62B83213F4E2600F7F161 /* LaunchScreen.storyboard in Resources */,
				E2C62B80213F4E2600F7F161 /* Assets.xcassets in Resources */,
				E2C62B7E213F4E2500F7F161 /* Main.storyboard in Resources */,
			);
			runOnlyForDeploymentPostprocessing = 0;
		};
/* End PBXResourcesBuildPhase section */

/* Begin PBXSourcesBuildPhase section */
		E2C62B71213F4E2500F7F161 /* Sources */ = {
			isa = PBXSourcesBuildPhase;
			buildActionMask = 2147483647;
			files = (
				E2C62B7B213F4E2500F7F161 /* ViewController.swift in Sources */,
				E25C0B5E213F5F7E00B50659 /* Game.swift in Sources */,
				E2C62B79213F4E2500F7F161 /* AppDelegate.swift in Sources */,
			);
			runOnlyForDeploymentPostprocessing = 0;
		};
/* End PBXSourcesBuildPhase section */

/* Begin PBXVariantGroup section */
		E2C62B7C213F4E2500F7F161 /* Main.storyboard */ = {
			isa = PBXVariantGroup;
			children = (
				E2C62B7D213F4E2500F7F161 /* Base */,
			);
			name = Main.storyboard;
			sourceTree = "<group>";
		};
		E2C62B81213F4E2600F7F161 /* LaunchScreen.storyboard */ = {
			isa = PBXVariantGroup;
			children = (
				E2C62B82213F4E2600F7F161 /* Base */,
			);
			name = LaunchScreen.storyboard;
			sourceTree = "<group>";
		};
/* End PBXVariantGroup section */

/* Begin XCBuildConfiguration section */
		E2C62B85213F4E2600F7F161 /* Debug */ = {
			isa = XCBuildConfiguration;
			buildSettings = {
				ALWAYS_SEARCH_USER_PATHS = NO;
				CLANG_ANALYZER_NONNULL = YES;
				CLANG_ANALYZER_NUMBER_OBJECT_CONVERSION = YES_AGGRESSIVE;
				CLANG_CXX_LANGUAGE_STANDARD = "gnu++14";
				CLANG_CXX_LIBRARY = "libc++";
				CLANG_ENABLE_MODULES = YES;
				CLANG_ENABLE_OBJC_ARC = YES;
				CLANG_ENABLE_OBJC_WEAK = YES;
				CLANG_WARN_BLOCK_CAPTURE_AUTORELEASING = YES;
				CLANG_WARN_BOOL_CONVERSION = YES;
				CLANG_WARN_COMMA = YES;
				CLANG_WARN_CONSTANT_CONVERSION = YES;
				CLANG_WARN_DEPRECATED_OBJC_IMPLEMENTATIONS = YES;
				CLANG_WARN_DIRECT_OBJC_ISA_USAGE = YES_ERROR;
				CLANG_WARN_DOCUMENTATION_COMMENTS = YES;
				CLANG_WARN_EMPTY_BODY = YES;
				CLANG_WARN_ENUM_CONVERSION = YES;
				CLANG_WARN_INFINITE_RECURSION = YES;
				CLANG_WARN_INT_CONVERSION = YES;
				CLANG_WARN_NON_LITERAL_NULL_CONVERSION = YES;
				CLANG_WARN_OBJC_IMPLICIT_RETAIN_SELF = YES;
				CLANG_WARN_OBJC_LITERAL_CONVERSION = YES;
				CLANG_WARN_OBJC_ROOT_CLASS = YES_ERROR;
				CLANG_WARN_RANGE_LOOP_ANALYSIS = YES;
				CLANG_WARN_STRICT_PROTOTYPES = YES;
				CLANG_WARN_SUSPICIOUS_MOVE = YES;
				CLANG_WARN_UNGUARDED_AVAILABILITY = YES_AGGRESSIVE;
				CLANG_WARN_UNREACHABLE_CODE = YES;
				CLANG_WARN__DUPLICATE_METHOD_MATCH = YES;
				CODE_SIGN_IDENTITY = "iPhone Developer";
				COPY_PHASE_STRIP = NO;
				DEBUG_INFORMATION_FORMAT = dwarf;
				ENABLE_STRICT_OBJC_MSGSEND = YES;
				ENABLE_TESTABILITY = YES;
				GCC_C_LANGUAGE_STANDARD = gnu11;
				GCC_DYNAMIC_NO_PIC = NO;
				GCC_NO_COMMON_BLOCKS = YES;
				GCC_OPTIMIZATION_LEVEL = 0;
				GCC_PREPROCESSOR_DEFINITIONS = (
					"DEBUG=1",
					"$(inherited)",
				);
				GCC_WARN_64_TO_32_BIT_CONVERSION = YES;
				GCC_WARN_ABOUT_RETURN_TYPE = YES_ERROR;
				GCC_WARN_UNDECLARED_SELECTOR = YES;
				GCC_WARN_UNINITIALIZED_AUTOS = YES_AGGRESSIVE;
				GCC_WARN_UNUSED_FUNCTION = YES;
				GCC_WARN_UNUSED_VARIABLE = YES;
				IPHONEOS_DEPLOYMENT_TARGET = 11.4;
				MTL_ENABLE_DEBUG_INFO = YES;
				ONLY_ACTIVE_ARCH = YES;
				SDKROOT = iphoneos;
				SWIFT_ACTIVE_COMPILATION_CONDITIONS = DEBUG;
				SWIFT_OPTIMIZATION_LEVEL = "-Onone";
			};
			name = Debug;
		};
		E2C62B86213F4E2600F7F161 /* Release */ = {
			isa = XCBuildConfiguration;
			buildSettings = {
				ALWAYS_SEARCH_USER_PATHS = NO;
				CLANG_ANALYZER_NONNULL = YES;
				CLANG_ANALYZER_NUMBER_OBJECT_CONVERSION = YES_AGGRESSIVE;
				CLANG_CXX_LANGUAGE_STANDARD = "gnu++14";
				CLANG_CXX_LIBRARY = "libc++";
				CLANG_ENABLE_MODULES = YES;
				CLANG_ENABLE_OBJC_ARC = YES;
				CLANG_ENABLE_OBJC_WEAK = YES;
				CLANG_WARN_BLOCK_CAPTURE_AUTORELEASING = YES;
				CLANG_WARN_BOOL_CONVERSION = YES;
				CLANG_WARN_COMMA = YES;
				CLANG_WARN_CONSTANT_CONVERSION = YES;
				CLANG_WARN_DEPRECATED_OBJC_IMPLEMENTATIONS = YES;
				CLANG_WARN_DIRECT_OBJC_ISA_USAGE = YES_ERROR;
				CLANG_WARN_DOCUMENTATION_COMMENTS = YES;
				CLANG_WARN_EMPTY_BODY = YES;
				CLANG_WARN_ENUM_CONVERSION = YES;
				CLANG_WARN_INFINITE_RECURSION = YES;
				CLANG_WARN_INT_CONVERSION = YES;
				CLANG_WARN_NON_LITERAL_NULL_CONVERSION = YES;
				CLANG_WARN_OBJC_IMPLICIT_RETAIN_SELF = YES;
				CLANG_WARN_OBJC_LITERAL_CONVERSION = YES;
				CLANG_WARN_OBJC_ROOT_CLASS = YES_ERROR;
				CLANG_WARN_RANGE_LOOP_ANALYSIS = YES;
				CLANG_WARN_STRICT_PROTOTYPES = YES;
				CLANG_WARN_SUSPICIOUS_MOVE = YES;
				CLANG_WARN_UNGUARDED_AVAILABILITY = YES_AGGRESSIVE;
				CLANG_WARN_UNREACHABLE_CODE = YES;
				CLANG_WARN__DUPLICATE_METHOD_MATCH = YES;
				CODE_SIGN_IDENTITY = "iPhone Developer";
				COPY_PHASE_STRIP = NO;
				DEBUG_INFORMATION_FORMAT = "dwarf-with-dsym";
				ENABLE_NS_ASSERTIONS = NO;
				ENABLE_STRICT_OBJC_MSGSEND = YES;
				GCC_C_LANGUAGE_STANDARD = gnu11;
				GCC_NO_COMMON_BLOCKS = YES;
				GCC_WARN_64_TO_32_BIT_CONVERSION = YES;
				GCC_WARN_ABOUT_RETURN_TYPE = YES_ERROR;
				GCC_WARN_UNDECLARED_SELECTOR = YES;
				GCC_WARN_UNINITIALIZED_AUTOS = YES_AGGRESSIVE;
				GCC_WARN_UNUSED_FUNCTION = YES;
				GCC_WARN_UNUSED_VARIABLE = YES;
				IPHONEOS_DEPLOYMENT_TARGET = 11.4;
				MTL_ENABLE_DEBUG_INFO = NO;
				SDKROOT = iphoneos;
				SWIFT_COMPILATION_MODE = wholemodule;
				SWIFT_OPTIMIZATION_LEVEL = "-O";
				VALIDATE_PRODUCT = YES;
			};
			name = Release;
		};
		E2C62B88213F4E2600F7F161 /* Debug */ = {
			isa = XCBuildConfiguration;
			buildSettings = {
				ASSETCATALOG_COMPILER_APPICON_NAME = AppIcon;
				CODE_SIGN_STYLE = Automatic;
				DEVELOPMENT_TEAM = 7HB4L788K3;
				INFOPLIST_FILE = "What's the Image/Info.plist";
				LD_RUNPATH_SEARCH_PATHS = (
					"$(inherited)",
					"@executable_path/Frameworks",
				);
				PRODUCT_BUNDLE_IDENTIFIER = "com.Openclassroom.What-s-the-Image";
				PRODUCT_NAME = "$(TARGET_NAME)";
				SWIFT_VERSION = 4.0;
				TARGETED_DEVICE_FAMILY = "1,2";
			};
			name = Debug;
		};
		E2C62B89213F4E2600F7F161 /* Release */ = {
			isa = XCBuildConfiguration;
			buildSettings = {
				ASSETCATALOG_COMPILER_APPICON_NAME = AppIcon;
				CODE_SIGN_STYLE = Automatic;
				DEVELOPMENT_TEAM = 7HB4L788K3;
				INFOPLIST_FILE = "What's the Image/Info.plist";
				LD_RUNPATH_SEARCH_PATHS = (
					"$(inherited)",
					"@executable_path/Frameworks",
				);
				PRODUCT_BUNDLE_IDENTIFIER = "com.Openclassroom.What-s-the-Image";
				PRODUCT_NAME = "$(TARGET_NAME)";
				SWIFT_VERSION = 4.0;
				TARGETED_DEVICE_FAMILY = "1,2";
			};
			name = Release;
		};
/* End XCBuildConfiguration section */

/* Begin XCConfigurationList section */
		E2C62B70213F4E2400F7F161 /* Build configuration list for PBXProject "What's the Image" */ = {
			isa = XCConfigurationList;
			buildConfigurations = (
				E2C62B85213F4E2600F7F161 /* Debug */,
				E2C62B86213F4E2600F7F161 /* Release */,
			);
			defaultConfigurationIsVisible = 0;
			defaultConfigurationName = Release;
		};
		E2C62B87213F4E2600F7F161 /* Build configuration list for PBXNativeTarget "What's the Image" */ = {
			isa = XCConfigurationList;
			buildConfigurations = (
				E2C62B88213F4E2600F7F161 /* Debug */,
				E2C62B89213F4E2600F7F161 /* Release */,
			);
			defaultConfigurationIsVisible = 0;
			defaultConfigurationName = Release;
		};
/* End XCConfigurationList section */
	};
	rootObject = E2C62B6D213F4E2400F7F161 /* Project object */;
}
